
Microsoft Visual Studio Solution File, Format Version 12.00
# Visual Studio Version 17
VisualStudioVersion = 17.7.34202.233
MinimumVisualStudioVersion = 10.0.40219.1
Project("{9A19103F-16F7-4668-BE54-9A1E7A4F7556}") = "Koton.Web.Client", "Koton.Web.Client\Koton.Web.Client.csproj", "{B67B450E-1ADA-4A52-BED2-B33B7EB4F10C}"
EndProject
Project("{9A19103F-16F7-4668-BE54-9A1E7A4F7556}") = "Koton.Entities", "Koton.Entities\Koton.Entities.csproj", "{8A22D38D-5153-4D31-813B-0F5E8F78EE33}"
EndProject
Project("{9A19103F-16F7-4668-BE54-9A1E7A4F7556}") = "Koton.Business", "Koton.Business\Koton.Business.csproj", "{7C1D4F6B-5EB5-4B50-A90B-F4F570282536}"
EndProject
Project("{9A19103F-16F7-4668-BE54-9A1E7A4F7556}") = "Koton.DAL", "Koton.DAL\Koton.DAL.csproj", "{182B89FC-99A9-4BFA-B228-CEC16F629A37}"
EndProject
Project("{FAE04EC0-301F-11D3-BF4B-00C04F79EFBC}") = "Koton.Web.API", "Koton.Web.API\Koton.Web.API.csproj", "{B07D5944-A5F8-47A6-A61B-131F3EC4273F}"
EndProject
Global
	GlobalSection(SolutionConfigurationPlatforms) = preSolution
		Debug|Any CPU = Debug|Any CPU
		Release|Any CPU = Release|Any CPU
	EndGlobalSection
	GlobalSection(ProjectConfigurationPlatforms) = postSolution
		{B67B450E-1ADA-4A52-BED2-B33B7EB4F10C}.Debug|Any CPU.ActiveCfg = Debug|Any CPU
		{B67B450E-1ADA-4A52-BED2-B33B7EB4F10C}.Debug|Any CPU.Build.0 = Debug|Any CPU
		{B67B450E-1ADA-4A52-BED2-B33B7EB4F10C}.Release|Any CPU.ActiveCfg = Release|Any CPU
		{B67B450E-1ADA-4A52-BED2-B33B7EB4F10C}.Release|Any CPU.Build.0 = Release|Any CPU
		{8A22D38D-5153-4D31-813B-0F5E8F78EE33}.Debug|Any CPU.ActiveCfg = Debug|Any CPU
		{8A22D38D-5153-4D31-813B-0F5E8F78EE33}.Debug|Any CPU.Build.0 = Debug|Any CPU
		{8A22D38D-5153-4D31-813B-0F5E8F78EE33}.Release|Any CPU.ActiveCfg = Release|Any CPU
		{8A22D38D-5153-4D31-813B-0F5E8F78EE33}.Release|Any CPU.Build.0 = Release|Any CPU
		{7C1D4F6B-5EB5-4B50-A90B-F4F570282536}.Debug|Any CPU.ActiveCfg = Debug|Any CPU
		{7C1D4F6B-5EB5-4B50-A90B-F4F570282536}.Debug|Any CPU.Build.0 = Debug|Any CPU
		{7C1D4F6B-5EB5-4B50-A90B-F4F570282536}.Release|Any CPU.ActiveCfg = Release|Any CPU
		{7C1D4F6B-5EB5-4B50-A90B-F4F570282536}.Release|Any CPU.Build.0 = Release|Any CPU
		{182B89FC-99A9-4BFA-B228-CEC16F629A37}.Debug|Any CPU.ActiveCfg = Debug|Any CPU
		{182B89FC-99A9-4BFA-B228-CEC16F629A37}.Debug|Any CPU.Build.0 = Debug|Any CPU
		{182B89FC-99A9-4BFA-B228-CEC16F629A37}.Release|Any CPU.ActiveCfg = Release|Any CPU
		{182B89FC-99A9-4BFA-B228-CEC16F629A37}.Release|Any CPU.Build.0 = Release|Any CPU
		{B07D5944-A5F8-47A6-A61B-131F3EC4273F}.Debug|Any CPU.ActiveCfg = Debug|Any CPU
		{B07D5944-A5F8-47A6-A61B-131F3EC4273F}.Debug|Any CPU.Build.0 = Debug|Any CPU
		{B07D5944-A5F8-47A6-A61B-131F3EC4273F}.Release|Any CPU.ActiveCfg = Release|Any CPU
		{B07D5944-A5F8-47A6-A61B-131F3EC4273F}.Release|Any CPU.Build.0 = Release|Any CPU
	EndGlobalSection
	GlobalSection(SolutionProperties) = preSolution
		HideSolutionNode = FALSE
	EndGlobalSection
	GlobalSection(ExtensibilityGlobals) = postSolution
		SolutionGuid = {AB5EFC80-96D6-4FEB-B1FF-EF160B804D27}
	EndGlobalSection
EndGlobal
